
Microsoft Visual Studio Solution File, Format Version 12.00
# Visual Studio Version 16
VisualStudioVersion = 16.0.29009.5
MinimumVisualStudioVersion = 10.0.40219.1
Project("{FAE04EC0-301F-11D3-BF4B-00C04F79EFBC}") = "ConcreteGoodsPlantView", "ConcreteGoodsPlantView\ConcreteGoodsPlantView.csproj", "{EDE87FF5-937D-42C9-BC94-5D60865B9E04}"
EndProject
Project("{9A19103F-16F7-4668-BE54-9A1E7A4F7556}") = "PlantBusinessLogic", "PlantBusinessLogic\PlantBusinessLogic.csproj", "{1D463B42-BFE8-4215-BEEE-4E373C1A1FB7}"
EndProject
Project("{9A19103F-16F7-4668-BE54-9A1E7A4F7556}") = "ConcreteGoodsPlantListImplement", "ConcreteGoodsPlantListImplement\ConcreteGoodsPlantListImplement.csproj", "{D0C36165-A2A3-485B-ABFD-EE404145726F}"
EndProject
Project("{9A19103F-16F7-4668-BE54-9A1E7A4F7556}") = "ConcreteGoodsPlantFileImplement", "ConcreteGoodsPlantFileImplement\ConcreteGoodsPlantFileImplement.csproj", "{DE84DD00-6A20-4DF1-8F69-1BF0B335C5D0}"
EndProject
Project("{9A19103F-16F7-4668-BE54-9A1E7A4F7556}") = "ConcreteGoodsPlantDatabaseImplement", "ConcreteGoodsPlantDatabaseImplement\ConcreteGoodsPlantDatabaseImplement.csproj", "{12AA8010-F740-41E8-8ED5-C19A2C02EC84}"
EndProject
Project("{9A19103F-16F7-4668-BE54-9A1E7A4F7556}") = "PlantRestApi", "PlantRestApi\PlantRestApi.csproj", "{DD85B8BB-4F71-4A0E-B281-C508A3F712AF}"
EndProject
Project("{9A19103F-16F7-4668-BE54-9A1E7A4F7556}") = "PlantClientView", "PlantClientView\PlantClientView.csproj", "{7CB354C3-75C5-441C-AB42-DD5638E50AE4}"
EndProject
Project("{FAE04EC0-301F-11D3-BF4B-00C04F79EFBC}") = "PlantWarehouseView", "PlantWarehouseView\PlantWarehouseView.csproj", "{B79629D6-D6BE-407F-89E2-005E2E8B823D}"
EndProject
Global
	GlobalSection(SolutionConfigurationPlatforms) = preSolution
		Debug|Any CPU = Debug|Any CPU
		Release|Any CPU = Release|Any CPU
	EndGlobalSection
	GlobalSection(ProjectConfigurationPlatforms) = postSolution
		{EDE87FF5-937D-42C9-BC94-5D60865B9E04}.Debug|Any CPU.ActiveCfg = Debug|Any CPU
		{EDE87FF5-937D-42C9-BC94-5D60865B9E04}.Debug|Any CPU.Build.0 = Debug|Any CPU
		{EDE87FF5-937D-42C9-BC94-5D60865B9E04}.Release|Any CPU.ActiveCfg = Release|Any CPU
		{EDE87FF5-937D-42C9-BC94-5D60865B9E04}.Release|Any CPU.Build.0 = Release|Any CPU
		{1D463B42-BFE8-4215-BEEE-4E373C1A1FB7}.Debug|Any CPU.ActiveCfg = Debug|Any CPU
		{1D463B42-BFE8-4215-BEEE-4E373C1A1FB7}.Debug|Any CPU.Build.0 = Debug|Any CPU
		{1D463B42-BFE8-4215-BEEE-4E373C1A1FB7}.Release|Any CPU.ActiveCfg = Release|Any CPU
		{1D463B42-BFE8-4215-BEEE-4E373C1A1FB7}.Release|Any CPU.Build.0 = Release|Any CPU
		{D0C36165-A2A3-485B-ABFD-EE404145726F}.Debug|Any CPU.ActiveCfg = Debug|Any CPU
		{D0C36165-A2A3-485B-ABFD-EE404145726F}.Debug|Any CPU.Build.0 = Debug|Any CPU
		{D0C36165-A2A3-485B-ABFD-EE404145726F}.Release|Any CPU.ActiveCfg = Release|Any CPU
		{D0C36165-A2A3-485B-ABFD-EE404145726F}.Release|Any CPU.Build.0 = Release|Any CPU
		{DE84DD00-6A20-4DF1-8F69-1BF0B335C5D0}.Debug|Any CPU.ActiveCfg = Debug|Any CPU
		{DE84DD00-6A20-4DF1-8F69-1BF0B335C5D0}.Debug|Any CPU.Build.0 = Debug|Any CPU
		{DE84DD00-6A20-4DF1-8F69-1BF0B335C5D0}.Release|Any CPU.ActiveCfg = Release|Any CPU
		{DE84DD00-6A20-4DF1-8F69-1BF0B335C5D0}.Release|Any CPU.Build.0 = Release|Any CPU
		{12AA8010-F740-41E8-8ED5-C19A2C02EC84}.Debug|Any CPU.ActiveCfg = Debug|Any CPU
		{12AA8010-F740-41E8-8ED5-C19A2C02EC84}.Debug|Any CPU.Build.0 = Debug|Any CPU
		{12AA8010-F740-41E8-8ED5-C19A2C02EC84}.Release|Any CPU.ActiveCfg = Release|Any CPU
		{12AA8010-F740-41E8-8ED5-C19A2C02EC84}.Release|Any CPU.Build.0 = Release|Any CPU
		{DD85B8BB-4F71-4A0E-B281-C508A3F712AF}.Debug|Any CPU.ActiveCfg = Debug|Any CPU
		{DD85B8BB-4F71-4A0E-B281-C508A3F712AF}.Debug|Any CPU.Build.0 = Debug|Any CPU
		{DD85B8BB-4F71-4A0E-B281-C508A3F712AF}.Release|Any CPU.ActiveCfg = Release|Any CPU
		{DD85B8BB-4F71-4A0E-B281-C508A3F712AF}.Release|Any CPU.Build.0 = Release|Any CPU
		{7CB354C3-75C5-441C-AB42-DD5638E50AE4}.Debug|Any CPU.ActiveCfg = Debug|Any CPU
		{7CB354C3-75C5-441C-AB42-DD5638E50AE4}.Debug|Any CPU.Build.0 = Debug|Any CPU
		{7CB354C3-75C5-441C-AB42-DD5638E50AE4}.Release|Any CPU.ActiveCfg = Release|Any CPU
		{7CB354C3-75C5-441C-AB42-DD5638E50AE4}.Release|Any CPU.Build.0 = Release|Any CPU
		{B79629D6-D6BE-407F-89E2-005E2E8B823D}.Debug|Any CPU.ActiveCfg = Debug|Any CPU
		{B79629D6-D6BE-407F-89E2-005E2E8B823D}.Debug|Any CPU.Build.0 = Debug|Any CPU
		{B79629D6-D6BE-407F-89E2-005E2E8B823D}.Release|Any CPU.ActiveCfg = Release|Any CPU
		{B79629D6-D6BE-407F-89E2-005E2E8B823D}.Release|Any CPU.Build.0 = Release|Any CPU
	EndGlobalSection
	GlobalSection(SolutionProperties) = preSolution
		HideSolutionNode = FALSE
	EndGlobalSection
	GlobalSection(ExtensibilityGlobals) = postSolution
		SolutionGuid = {F7FDEFD9-D4D9-4E58-B56A-6C5F19AC1276}
	EndGlobalSection
EndGlobal
